
Microsoft Visual Studio Solution File, Format Version 12.00
# Visual Studio Version 17
VisualStudioVersion = 17.13.35919.96 d17.13
MinimumVisualStudioVersion = 10.0.40219.1
Project("{FAE04EC0-301F-11D3-BF4B-00C04F79EFBC}") = "Contract Monthly Claim System", "Contract Monthly Claim System\Contract Monthly Claim System.csproj", "{ED0F71AC-8A86-47A1-B66F-074CEA96DF04}"
EndProject
Global
	GlobalSection(SolutionConfigurationPlatforms) = preSolution
		Debug|Any CPU = Debug|Any CPU
		Release|Any CPU = Release|Any CPU
	EndGlobalSection
	GlobalSection(ProjectConfigurationPlatforms) = postSolution
		{ED0F71AC-8A86-47A1-B66F-074CEA96DF04}.Debug|Any CPU.ActiveCfg = Debug|Any CPU
		{ED0F71AC-8A86-47A1-B66F-074CEA96DF04}.Debug|Any CPU.Build.0 = Debug|Any CPU
		{ED0F71AC-8A86-47A1-B66F-074CEA96DF04}.Release|Any CPU.ActiveCfg = Release|Any CPU
		{ED0F71AC-8A86-47A1-B66F-074CEA96DF04}.Release|Any CPU.Build.0 = Release|Any CPU
	EndGlobalSection
	GlobalSection(SolutionProperties) = preSolution
		HideSolutionNode = FALSE
	EndGlobalSection
	GlobalSection(ExtensibilityGlobals) = postSolution
		SolutionGuid = {93A9B85B-F7E6-4644-BFDF-722CA2AB528A}
	EndGlobalSection
EndGlobal
